// !$*UTF8*$!
{
	archiveVersion = 1;
	classes = {
	};
	objectVersion = 50;
	objects = {

/* Begin PBXFileReference section */
		1AAA355324833D3A0055E5D1 /* src */ = {isa = PBXFileReference; lastKnownFileType = folder; path = src; sourceTree = "<group>"; };
		1AAA355424833DA20055E5D1 /* LICENSE.md */ = {isa = PBXFileReference; lastKnownFileType = net.daringfireball.markdown; path = LICENSE.md; sourceTree = "<group>"; };
		1AAA355524833DA20055E5D1 /* README.md */ = {isa = PBXFileReference; lastKnownFileType = net.daringfireball.markdown; path = README.md; sourceTree = "<group>"; };
/* End PBXFileReference section */

/* Begin PBXGroup section */
		1AAA354C24833D020055E5D1 = {
			isa = PBXGroup;
			children = (
				1AAA355424833DA20055E5D1 /* LICENSE.md */,
				1AAA355524833DA20055E5D1 /* README.md */,
				1AAA355324833D3A0055E5D1 /* src */,
			);
			sourceTree = "<group>";
		};
/* End PBXGroup section */

/* Begin PBXProject section */
		1AAA354D24833D020055E5D1 /* Project object */ = {
			isa = PBXProject;
			attributes = {
				LastUpgradeCheck = 1150;
			};
			buildConfigurationList = 1AAA355024833D020055E5D1 /* Build configuration list for PBXProject "Blocklist-Downloader" */;
			compatibilityVersion = "Xcode 9.3";
			developmentRegion = en;
			hasScannedForEncodings = 0;
			knownRegions = (
				en,
				Base,
			);
			mainGroup = 1AAA354C24833D020055E5D1;
			projectDirPath = "";
			projectRoot = "";
			targets = (
			);
		};
/* End PBXProject section */

/* Begin XCBuildConfiguration section */
		1AAA355124833D020055E5D1 /* Debug */ = {
			isa = XCBuildConfiguration;
			buildSettings = {
			};
			name = Debug;
		};
		1AAA355224833D020055E5D1 /* Release */ = {
			isa = XCBuildConfiguration;
			buildSettings = {
			};
			name = Release;
		};
/* End XCBuildConfiguration section */

/* Begin XCConfigurationList section */
		1AAA355024833D020055E5D1 /* Build configuration list for PBXProject "Blocklist-Downloader" */ = {
			isa = XCConfigurationList;
			buildConfigurations = (
				1AAA355124833D020055E5D1 /* Debug */,
				1AAA355224833D020055E5D1 /* Release */,
			);
			defaultConfigurationIsVisible = 0;
			defaultConfigurationName = Release;
		};
/* End XCConfigurationList section */
	};
	rootObject = 1AAA354D24833D020055E5D1 /* Project object */;
}
